// !$*UTF8*$!
{
	archiveVersion = 1;
	classes = {
	};
	objectVersion = 50;
	objects = {

/* Begin PBXBuildFile section */
		1BE225062679E028006F213C /* AppDelegate.m in Sources */ = {isa = PBXBuildFile; fileRef = 1BE225052679E028006F213C /* AppDelegate.m */; };
		1BE225092679E028006F213C /* SceneDelegate.m in Sources */ = {isa = PBXBuildFile; fileRef = 1BE225082679E028006F213C /* SceneDelegate.m */; };
		1BE2250C2679E028006F213C /* ViewController.m in Sources */ = {isa = PBXBuildFile; fileRef = 1BE2250B2679E028006F213C /* ViewController.m */; };
		1BE2250F2679E028006F213C /* Main.storyboard in Resources */ = {isa = PBXBuildFile; fileRef = 1BE2250D2679E028006F213C /* Main.storyboard */; };
		1BE225112679E029006F213C /* Assets.xcassets in Resources */ = {isa = PBXBuildFile; fileRef = 1BE225102679E029006F213C /* Assets.xcassets */; };
		1BE225142679E029006F213C /* LaunchScreen.storyboard in Resources */ = {isa = PBXBuildFile; fileRef = 1BE225122679E029006F213C /* LaunchScreen.storyboard */; };
		1BE225172679E029006F213C /* main.m in Sources */ = {isa = PBXBuildFile; fileRef = 1BE225162679E029006F213C /* main.m */; };
		1BE225212679E029006F213C /* AppTestTests.m in Sources */ = {isa = PBXBuildFile; fileRef = 1BE225202679E029006F213C /* AppTestTests.m */; };
		1BE2252C2679E029006F213C /* AppTestUITests.m in Sources */ = {isa = PBXBuildFile; fileRef = 1BE2252B2679E029006F213C /* AppTestUITests.m */; };
/* End PBXBuildFile section */

/* Begin PBXContainerItemProxy section */
		1BE2251D2679E029006F213C /* PBXContainerItemProxy */ = {
			isa = PBXContainerItemProxy;
			containerPortal = 1BE224F92679E028006F213C /* Project object */;
			proxyType = 1;
			remoteGlobalIDString = 1BE225002679E028006F213C;
			remoteInfo = AppTest;
		};
		1BE225282679E029006F213C /* PBXContainerItemProxy */ = {
			isa = PBXContainerItemProxy;
			containerPortal = 1BE224F92679E028006F213C /* Project object */;
			proxyType = 1;
			remoteGlobalIDString = 1BE225002679E028006F213C;
			remoteInfo = AppTest;
		};
/* End PBXContainerItemProxy section */

/* Begin PBXFileReference section */
		1BE225012679E028006F213C /* AppTest.app */ = {isa = PBXFileReference; explicitFileType = wrapper.application; includeInIndex = 0; path = AppTest.app; sourceTree = BUILT_PRODUCTS_DIR; };
		1BE225042679E028006F213C /* AppDelegate.h */ = {isa = PBXFileReference; lastKnownFileType = sourcecode.c.h; path = AppDelegate.h; sourceTree = "<group>"; };
		1BE225052679E028006F213C /* AppDelegate.m */ = {isa = PBXFileReference; lastKnownFileType = sourcecode.c.objc; path = AppDelegate.m; sourceTree = "<group>"; };
		1BE225072679E028006F213C /* SceneDelegate.h */ = {isa = PBXFileReference; lastKnownFileType = sourcecode.c.h; path = SceneDelegate.h; sourceTree = "<group>"; };
		1BE225082679E028006F213C /* SceneDelegate.m */ = {isa = PBXFileReference; lastKnownFileType = sourcecode.c.objc; path = SceneDelegate.m; sourceTree = "<group>"; };
		1BE2250A2679E028006F213C /* ViewController.h */ = {isa = PBXFileReference; lastKnownFileType = sourcecode.c.h; path = ViewController.h; sourceTree = "<group>"; };
		1BE2250B2679E028006F213C /* ViewController.m */ = {isa = PBXFileReference; lastKnownFileType = sourcecode.c.objc; path = ViewController.m; sourceTree = "<group>"; };
		1BE2250E2679E028006F213C /* Base */ = {isa = PBXFileReference; lastKnownFileType = file.storyboard; name = Base; path = Base.lproj/Main.storyboard; sourceTree = "<group>"; };
		1BE225102679E029006F213C /* Assets.xcassets */ = {isa = PBXFileReference; lastKnownFileType = folder.assetcatalog; path = Assets.xcassets; sourceTree = "<group>"; };
		1BE225132679E029006F213C /* Base */ = {isa = PBXFileReference; lastKnownFileType = file.storyboard; name = Base; path = Base.lproj/LaunchScreen.storyboard; sourceTree = "<group>"; };
		1BE225152679E029006F213C /* Info.plist */ = {isa = PBXFileReference; lastKnownFileType = text.plist.xml; path = Info.plist; sourceTree = "<group>"; };
		1BE225162679E029006F213C /* main.m */ = {isa = PBXFileReference; lastKnownFileType = sourcecode.c.objc; path = main.m; sourceTree = "<group>"; };
		1BE2251C2679E029006F213C /* AppTestTests.xctest */ = {isa = PBXFileReference; explicitFileType = wrapper.cfbundle; includeInIndex = 0; path = AppTestTests.xctest; sourceTree = BUILT_PRODUCTS_DIR; };
		1BE225202679E029006F213C /* AppTestTests.m */ = {isa = PBXFileReference; lastKnownFileType = sourcecode.c.objc; path = AppTestTests.m; sourceTree = "<group>"; };
		1BE225222679E029006F213C /* Info.plist */ = {isa = PBXFileReference; lastKnownFileType = text.plist.xml; path = Info.plist; sourceTree = "<group>"; };
		1BE225272679E029006F213C /* AppTestUITests.xctest */ = {isa = PBXFileReference; explicitFileType = wrapper.cfbundle; includeInIndex = 0; path = AppTestUITests.xctest; sourceTree = BUILT_PRODUCTS_DIR; };
		1BE2252B2679E029006F213C /* AppTestUITests.m */ = {isa = PBXFileReference; lastKnownFileType = sourcecode.c.objc; path = AppTestUITests.m; sourceTree = "<group>"; };
		1BE2252D2679E029006F213C /* Info.plist */ = {isa = PBXFileReference; lastKnownFileType = text.plist.xml; path = Info.plist; sourceTree = "<group>"; };
/* End PBXFileReference section */

/* Begin PBXFrameworksBuildPhase section */
		1BE224FE2679E028006F213C /* Frameworks */ = {
			isa = PBXFrameworksBuildPhase;
			buildActionMask = 2147483647;
			files = (
			);
			runOnlyForDeploymentPostprocessing = 0;
		};
		1BE225192679E029006F213C /* Frameworks */ = {
			isa = PBXFrameworksBuildPhase;
			buildActionMask = 2147483647;
			files = (
			);
			runOnlyForDeploymentPostprocessing = 0;
		};
		1BE225242679E029006F213C /* Frameworks */ = {
			isa = PBXFrameworksBuildPhase;
			buildActionMask = 2147483647;
			files = (
			);
			runOnlyForDeploymentPostprocessing = 0;
		};
/* End PBXFrameworksBuildPhase section */

/* Begin PBXGroup section */
		1BE224F82679E028006F213C = {
			isa = PBXGroup;
			children = (
				1BE225032679E028006F213C /* AppTest */,
				1BE2251F2679E029006F213C /* AppTestTests */,
				1BE2252A2679E029006F213C /* AppTestUITests */,
				1BE225022679E028006F213C /* Products */,
			);
			sourceTree = "<group>";
		};
		1BE225022679E028006F213C /* Products */ = {
			isa = PBXGroup;
			children = (
				1BE225012679E028006F213C /* AppTest.app */,
				1BE2251C2679E029006F213C /* AppTestTests.xctest */,
				1BE225272679E029006F213C /* AppTestUITests.xctest */,
			);
			name = Products;
			sourceTree = "<group>";
		};
		1BE225032679E028006F213C /* AppTest */ = {
			isa = PBXGroup;
			children = (
				1BE225042679E028006F213C /* AppDelegate.h */,
				1BE225052679E028006F213C /* AppDelegate.m */,
				1BE225072679E028006F213C /* SceneDelegate.h */,
				1BE225082679E028006F213C /* SceneDelegate.m */,
				1BE2250A2679E028006F213C /* ViewController.h */,
				1BE2250B2679E028006F213C /* ViewController.m */,
				1BE2250D2679E028006F213C /* Main.storyboard */,
				1BE225102679E029006F213C /* Assets.xcassets */,
				1BE225122679E029006F213C /* LaunchScreen.storyboard */,
				1BE225152679E029006F213C /* Info.plist */,
				1BE225162679E029006F213C /* main.m */,
			);
			path = AppTest;
			sourceTree = "<group>";
		};
		1BE2251F2679E029006F213C /* AppTestTests */ = {
			isa = PBXGroup;
			children = (
				1BE225202679E029006F213C /* AppTestTests.m */,
				1BE225222679E029006F213C /* Info.plist */,
			);
			path = AppTestTests;
			sourceTree = "<group>";
		};
		1BE2252A2679E029006F213C /* AppTestUITests */ = {
			isa = PBXGroup;
			children = (
				1BE2252B2679E029006F213C /* AppTestUITests.m */,
				1BE2252D2679E029006F213C /* Info.plist */,
			);
			path = AppTestUITests;
			sourceTree = "<group>";
		};
/* End PBXGroup section */

/* Begin PBXNativeTarget section */
		1BE225002679E028006F213C /* AppTest */ = {
			isa = PBXNativeTarget;
			buildConfigurationList = 1BE225302679E029006F213C /* Build configuration list for PBXNativeTarget "AppTest" */;
			buildPhases = (
				1BE224FD2679E028006F213C /* Sources */,
				1BE224FE2679E028006F213C /* Frameworks */,
				1BE224FF2679E028006F213C /* Resources */,
			);
			buildRules = (
			);
			dependencies = (
			);
			name = AppTest;
			productName = AppTest;
			productReference = 1BE225012679E028006F213C /* AppTest.app */;
			productType = "com.apple.product-type.application";
		};
		1BE2251B2679E029006F213C /* AppTestTests */ = {
			isa = PBXNativeTarget;
			buildConfigurationList = 1BE225332679E029006F213C /* Build configuration list for PBXNativeTarget "AppTestTests" */;
			buildPhases = (
				1BE225182679E029006F213C /* Sources */,
				1BE225192679E029006F213C /* Frameworks */,
				1BE2251A2679E029006F213C /* Resources */,
			);
			buildRules = (
			);
			dependencies = (
				1BE2251E2679E029006F213C /* PBXTargetDependency */,
			);
			name = AppTestTests;
			productName = AppTestTests;
			productReference = 1BE2251C2679E029006F213C /* AppTestTests.xctest */;
			productType = "com.apple.product-type.bundle.unit-test";
		};
		1BE225262679E029006F213C /* AppTestUITests */ = {
			isa = PBXNativeTarget;
			buildConfigurationList = 1BE225362679E029006F213C /* Build configuration list for PBXNativeTarget "AppTestUITests" */;
			buildPhases = (
				1BE225232679E029006F213C /* Sources */,
				1BE225242679E029006F213C /* Frameworks */,
				1BE225252679E029006F213C /* Resources */,
			);
			buildRules = (
			);
			dependencies = (
				1BE225292679E029006F213C /* PBXTargetDependency */,
			);
			name = AppTestUITests;
			productName = AppTestUITests;
			productReference = 1BE225272679E029006F213C /* AppTestUITests.xctest */;
			productType = "com.apple.product-type.bundle.ui-testing";
		};
/* End PBXNativeTarget section */

/* Begin PBXProject section */
		1BE224F92679E028006F213C /* Project object */ = {
			isa = PBXProject;
			attributes = {
				LastUpgradeCheck = 1250;
				TargetAttributes = {
					1BE225002679E028006F213C = {
						CreatedOnToolsVersion = 12.5;
					};
					1BE2251B2679E029006F213C = {
						CreatedOnToolsVersion = 12.5;
						TestTargetID = 1BE225002679E028006F213C;
					};
					1BE225262679E029006F213C = {
						CreatedOnToolsVersion = 12.5;
						TestTargetID = 1BE225002679E028006F213C;
					};
				};
			};
			buildConfigurationList = 1BE224FC2679E028006F213C /* Build configuration list for PBXProject "AppTest" */;
			compatibilityVersion = "Xcode 9.3";
			developmentRegion = en;
			hasScannedForEncodings = 0;
			knownRegions = (
				en,
				Base,
			);
			mainGroup = 1BE224F82679E028006F213C;
			productRefGroup = 1BE225022679E028006F213C /* Products */;
			projectDirPath = "";
			projectRoot = "";
			targets = (
				1BE225002679E028006F213C /* AppTest */,
				1BE2251B2679E029006F213C /* AppTestTests */,
				1BE225262679E029006F213C /* AppTestUITests */,
			);
		};
/* End PBXProject section */

/* Begin PBXResourcesBuildPhase section */
		1BE224FF2679E028006F213C /* Resources */ = {
			isa = PBXResourcesBuildPhase;
			buildActionMask = 2147483647;
			files = (
				1BE225142679E029006F213C /* LaunchScreen.storyboard in Resources */,
				1BE225112679E029006F213C /* Assets.xcassets in Resources */,
				1BE2250F2679E028006F213C /* Main.storyboard in Resources */,
			);
			runOnlyForDeploymentPostprocessing = 0;
		};
		1BE2251A2679E029006F213C /* Resources */ = {
			isa = PBXResourcesBuildPhase;
			buildActionMask = 2147483647;
			files = (
			);
			runOnlyForDeploymentPostprocessing = 0;
		};
		1BE225252679E029006F213C /* Resources */ = {
			isa = PBXResourcesBuildPhase;
			buildActionMask = 2147483647;
			files = (
			);
			runOnlyForDeploymentPostprocessing = 0;
		};
/* End PBXResourcesBuildPhase section */

/* Begin PBXSourcesBuildPhase section */
		1BE224FD2679E028006F213C /* Sources */ = {
			isa = PBXSourcesBuildPhase;
			buildActionMask = 2147483647;
			files = (
				1BE2250C2679E028006F213C /* ViewController.m in Sources */,
				1BE225062679E028006F213C /* AppDelegate.m in Sources */,
				1BE225172679E029006F213C /* main.m in Sources */,
				1BE225092679E028006F213C /* SceneDelegate.m in Sources */,
			);
			runOnlyForDeploymentPostprocessing = 0;
		};
		1BE225182679E029006F213C /* Sources */ = {
			isa = PBXSourcesBuildPhase;
			buildActionMask = 2147483647;
			files = (
				1BE225212679E029006F213C /* AppTestTests.m in Sources */,
			);
			runOnlyForDeploymentPostprocessing = 0;
		};
		1BE225232679E029006F213C /* Sources */ = {
			isa = PBXSourcesBuildPhase;
			buildActionMask = 2147483647;
			files = (
				1BE2252C2679E029006F213C /* AppTestUITests.m in Sources */,
			);
			runOnlyForDeploymentPostprocessing = 0;
		};
/* End PBXSourcesBuildPhase section */

/* Begin PBXTargetDependency section */
		1BE2251E2679E029006F213C /* PBXTargetDependency */ = {
			isa = PBXTargetDependency;
			target = 1BE225002679E028006F213C /* AppTest */;
			targetProxy = 1BE2251D2679E029006F213C /* PBXContainerItemProxy */;
		};
		1BE225292679E029006F213C /* PBXTargetDependency */ = {
			isa = PBXTargetDependency;
			target = 1BE225002679E028006F213C /* AppTest */;
			targetProxy = 1BE225282679E029006F213C /* PBXContainerItemProxy */;
		};
/* End PBXTargetDependency section */

/* Begin PBXVariantGroup section */
		1BE2250D2679E028006F213C /* Main.storyboard */ = {
			isa = PBXVariantGroup;
			children = (
				1BE2250E2679E028006F213C /* Base */,
			);
			name = Main.storyboard;
			sourceTree = "<group>";
		};
		1BE225122679E029006F213C /* LaunchScreen.storyboard */ = {
			isa = PBXVariantGroup;
			children = (
				1BE225132679E029006F213C /* Base */,
			);
			name = LaunchScreen.storyboard;
			sourceTree = "<group>";
		};
/* End PBXVariantGroup section */

/* Begin XCBuildConfiguration section */
		1BE2252E2679E029006F213C /* Debug */ = {
			isa = XCBuildConfiguration;
			buildSettings = {
				ALWAYS_SEARCH_USER_PATHS = NO;
				CLANG_ANALYZER_NONNULL = YES;
				CLANG_ANALYZER_NUMBER_OBJECT_CONVERSION = YES_AGGRESSIVE;
				CLANG_CXX_LANGUAGE_STANDARD = "gnu++14";
				CLANG_CXX_LIBRARY = "libc++";
				CLANG_ENABLE_MODULES = YES;
				CLANG_ENABLE_OBJC_ARC = YES;
				CLANG_ENABLE_OBJC_WEAK = YES;
				CLANG_WARN_BLOCK_CAPTURE_AUTORELEASING = YES;
				CLANG_WARN_BOOL_CONVERSION = YES;
				CLANG_WARN_COMMA = YES;
				CLANG_WARN_CONSTANT_CONVERSION = YES;
				CLANG_WARN_DEPRECATED_OBJC_IMPLEMENTATIONS = YES;
				CLANG_WARN_DIRECT_OBJC_ISA_USAGE = YES_ERROR;
				CLANG_WARN_DOCUMENTATION_COMMENTS = YES;
				CLANG_WARN_EMPTY_BODY = YES;
				CLANG_WARN_ENUM_CONVERSION = YES;
				CLANG_WARN_INFINITE_RECURSION = YES;
				CLANG_WARN_INT_CONVERSION = YES;
				CLANG_WARN_NON_LITERAL_NULL_CONVERSION = YES;
				CLANG_WARN_OBJC_IMPLICIT_RETAIN_SELF = YES;
				CLANG_WARN_OBJC_LITERAL_CONVERSION = YES;
				CLANG_WARN_OBJC_ROOT_CLASS = YES_ERROR;
				CLANG_WARN_QUOTED_INCLUDE_IN_FRAMEWORK_HEADER = YES;
				CLANG_WARN_RANGE_LOOP_ANALYSIS = YES;
				CLANG_WARN_STRICT_PROTOTYPES = YES;
				CLANG_WARN_SUSPICIOUS_MOVE = YES;
				CLANG_WARN_UNGUARDED_AVAILABILITY = YES_AGGRESSIVE;
				CLANG_WARN_UNREACHABLE_CODE = YES;
				CLANG_WARN__DUPLICATE_METHOD_MATCH = YES;
				COPY_PHASE_STRIP = NO;
				DEBUG_INFORMATION_FORMAT = dwarf;
				ENABLE_STRICT_OBJC_MSGSEND = YES;
				ENABLE_TESTABILITY = YES;
				GCC_C_LANGUAGE_STANDARD = gnu11;
				GCC_DYNAMIC_NO_PIC = NO;
				GCC_NO_COMMON_BLOCKS = YES;
				GCC_OPTIMIZATION_LEVEL = 0;
				GCC_PREPROCESSOR_DEFINITIONS = (
					"DEBUG=1",
					"$(inherited)",
				);
				GCC_WARN_64_TO_32_BIT_CONVERSION = YES;
				GCC_WARN_ABOUT_RETURN_TYPE = YES_ERROR;
				GCC_WARN_UNDECLARED_SELECTOR = YES;
				GCC_WARN_UNINITIALIZED_AUTOS = YES_AGGRESSIVE;
				GCC_WARN_UNUSED_FUNCTION = YES;
				GCC_WARN_UNUSED_VARIABLE = YES;
				IPHONEOS_DEPLOYMENT_TARGET = 14.5;
				MTL_ENABLE_DEBUG_INFO = INCLUDE_SOURCE;
				MTL_FAST_MATH = YES;
				ONLY_ACTIVE_ARCH = YES;
				SDKROOT = iphoneos;
			};
			name = Debug;
		};
		1BE2252F2679E029006F213C /* Release */ = {
			isa = XCBuildConfiguration;
			buildSettings = {
				ALWAYS_SEARCH_USER_PATHS = NO;
				CLANG_ANALYZER_NONNULL = YES;
				CLANG_ANALYZER_NUMBER_OBJECT_CONVERSION = YES_AGGRESSIVE;
				CLANG_CXX_LANGUAGE_STANDARD = "gnu++14";
				CLANG_CXX_LIBRARY = "libc++";
				CLANG_ENABLE_MODULES = YES;
				CLANG_ENABLE_OBJC_ARC = YES;
				CLANG_ENABLE_OBJC_WEAK = YES;
				CLANG_WARN_BLOCK_CAPTURE_AUTORELEASING = YES;
				CLANG_WARN_BOOL_CONVERSION = YES;
				CLANG_WARN_COMMA = YES;
				CLANG_WARN_CONSTANT_CONVERSION = YES;
				CLANG_WARN_DEPRECATED_OBJC_IMPLEMENTATIONS = YES;
				CLANG_WARN_DIRECT_OBJC_ISA_USAGE = YES_ERROR;
				CLANG_WARN_DOCUMENTATION_COMMENTS = YES;
				CLANG_WARN_EMPTY_BODY = YES;
				CLANG_WARN_ENUM_CONVERSION = YES;
				CLANG_WARN_INFINITE_RECURSION = YES;
				CLANG_WARN_INT_CONVERSION = YES;
				CLANG_WARN_NON_LITERAL_NULL_CONVERSION = YES;
				CLANG_WARN_OBJC_IMPLICIT_RETAIN_SELF = YES;
				CLANG_WARN_OBJC_LITERAL_CONVERSION = YES;
				CLANG_WARN_OBJC_ROOT_CLASS = YES_ERROR;
				CLANG_WARN_QUOTED_INCLUDE_IN_FRAMEWORK_HEADER = YES;
				CLANG_WARN_RANGE_LOOP_ANALYSIS = YES;
				CLANG_WARN_STRICT_PROTOTYPES = YES;
				CLANG_WARN_SUSPICIOUS_MOVE = YES;
				CLANG_WARN_UNGUARDED_AVAILABILITY = YES_AGGRESSIVE;
				CLANG_WARN_UNREACHABLE_CODE = YES;
				CLANG_WARN__DUPLICATE_METHOD_MATCH = YES;
				COPY_PHASE_STRIP = NO;
				DEBUG_INFORMATION_FORMAT = "dwarf-with-dsym";
				ENABLE_NS_ASSERTIONS = NO;
				ENABLE_STRICT_OBJC_MSGSEND = YES;
				GCC_C_LANGUAGE_STANDARD = gnu11;
				GCC_NO_COMMON_BLOCKS = YES;
				GCC_WARN_64_TO_32_BIT_CONVERSION = YES;
				GCC_WARN_ABOUT_RETURN_TYPE = YES_ERROR;
				GCC_WARN_UNDECLARED_SELECTOR = YES;
				GCC_WARN_UNINITIALIZED_AUTOS = YES_AGGRESSIVE;
				GCC_WARN_UNUSED_FUNCTION = YES;
				GCC_WARN_UNUSED_VARIABLE = YES;
				IPHONEOS_DEPLOYMENT_TARGET = 14.5;
				MTL_ENABLE_DEBUG_INFO = NO;
				MTL_FAST_MATH = YES;
				SDKROOT = iphoneos;
				VALIDATE_PRODUCT = YES;
			};
			name = Release;
		};
		1BE225312679E029006F213C /* Debug */ = {
			isa = XCBuildConfiguration;
			buildSettings = {
				ASSETCATALOG_COMPILER_APPICON_NAME = AppIcon;
				ASSETCATALOG_COMPILER_GLOBAL_ACCENT_COLOR_NAME = AccentColor;
				CODE_SIGN_STYLE = Automatic;
				INFOPLIST_FILE = AppTest/Info.plist;
				LD_RUNPATH_SEARCH_PATHS = (
					"$(inherited)",
					"@executable_path/Frameworks",
				);
				PRODUCT_BUNDLE_IDENTIFIER = "-.AppTest";
				PRODUCT_NAME = "$(TARGET_NAME)";
				TARGETED_DEVICE_FAMILY = "1,2";
			};
			name = Debug;
		};
		1BE225322679E029006F213C /* Release */ = {
			isa = XCBuildConfiguration;
			buildSettings = {
				ASSETCATALOG_COMPILER_APPICON_NAME = AppIcon;
				ASSETCATALOG_COMPILER_GLOBAL_ACCENT_COLOR_NAME = AccentColor;
				CODE_SIGN_STYLE = Automatic;
				INFOPLIST_FILE = AppTest/Info.plist;
				LD_RUNPATH_SEARCH_PATHS = (
					"$(inherited)",
					"@executable_path/Frameworks",
				);
				PRODUCT_BUNDLE_IDENTIFIER = "-.AppTest";
				PRODUCT_NAME = "$(TARGET_NAME)";
				TARGETED_DEVICE_FAMILY = "1,2";
			};
			name = Release;
		};
		1BE225342679E029006F213C /* Debug */ = {
			isa = XCBuildConfiguration;
			buildSettings = {
				BUNDLE_LOADER = "$(TEST_HOST)";
				CODE_SIGN_STYLE = Automatic;
				INFOPLIST_FILE = AppTestTests/Info.plist;
				IPHONEOS_DEPLOYMENT_TARGET = 14.5;
				LD_RUNPATH_SEARCH_PATHS = (
					"$(inherited)",
					"@executable_path/Frameworks",
					"@loader_path/Frameworks",
				);
				PRODUCT_BUNDLE_IDENTIFIER = "-.AppTestTests";
				PRODUCT_NAME = "$(TARGET_NAME)";
				TARGETED_DEVICE_FAMILY = "1,2";
				TEST_HOST = "$(BUILT_PRODUCTS_DIR)/AppTest.app/AppTest";
			};
			name = Debug;
		};
		1BE225352679E029006F213C /* Release */ = {
			isa = XCBuildConfiguration;
			buildSettings = {
				BUNDLE_LOADER = "$(TEST_HOST)";
				CODE_SIGN_STYLE = Automatic;
				INFOPLIST_FILE = AppTestTests/Info.plist;
				IPHONEOS_DEPLOYMENT_TARGET = 14.5;
				LD_RUNPATH_SEARCH_PATHS = (
					"$(inherited)",
					"@executable_path/Frameworks",
					"@loader_path/Frameworks",
				);
				PRODUCT_BUNDLE_IDENTIFIER = "-.AppTestTests";
				PRODUCT_NAME = "$(TARGET_NAME)";
				TARGETED_DEVICE_FAMILY = "1,2";
				TEST_HOST = "$(BUILT_PRODUCTS_DIR)/AppTest.app/AppTest";
			};
			name = Release;
		};
		1BE225372679E029006F213C /* Debug */ = {
			isa = XCBuildConfiguration;
			buildSettings = {
				CODE_SIGN_STYLE = Automatic;
				INFOPLIST_FILE = AppTestUITests/Info.plist;
				LD_RUNPATH_SEARCH_PATHS = (
					"$(inherited)",
					"@executable_path/Frameworks",
					"@loader_path/Frameworks",
				);
				PRODUCT_BUNDLE_IDENTIFIER = "-.AppTestUITests";
				PRODUCT_NAME = "$(TARGET_NAME)";
				TARGETED_DEVICE_FAMILY = "1,2";
				TEST_TARGET_NAME = AppTest;
			};
			name = Debug;
		};
		1BE225382679E029006F213C /* Release */ = {
			isa = XCBuildConfiguration;
			buildSettings = {
				CODE_SIGN_STYLE = Automatic;
				INFOPLIST_FILE = AppTestUITests/Info.plist;
				LD_RUNPATH_SEARCH_PATHS = (
					"$(inherited)",
					"@executable_path/Frameworks",
					"@loader_path/Frameworks",
				);
				PRODUCT_BUNDLE_IDENTIFIER = "-.AppTestUITests";
				PRODUCT_NAME = "$(TARGET_NAME)";
				TARGETED_DEVICE_FAMILY = "1,2";
				TEST_TARGET_NAME = AppTest;
			};
			name = Release;
		};
/* End XCBuildConfiguration section */

/* Begin XCConfigurationList section */
		1BE224FC2679E028006F213C /* Build configuration list for PBXProject "AppTest" */ = {
			isa = XCConfigurationList;
			buildConfigurations = (
				1BE2252E2679E029006F213C /* Debug */,
				1BE2252F2679E029006F213C /* Release */,
			);
			defaultConfigurationIsVisible = 0;
			defaultConfigurationName = Release;
		};
		1BE225302679E029006F213C /* Build configuration list for PBXNativeTarget "AppTest" */ = {
			isa = XCConfigurationList;
			buildConfigurations = (
				1BE225312679E029006F213C /* Debug */,
				1BE225322679E029006F213C /* Release */,
			);
			defaultConfigurationIsVisible = 0;
			defaultConfigurationName = Release;
		};
		1BE225332679E029006F213C /* Build configuration list for PBXNativeTarget "AppTestTests" */ = {
			isa = XCConfigurationList;
			buildConfigurations = (
				1BE225342679E029006F213C /* Debug */,
				1BE225352679E029006F213C /* Release */,
			);
			defaultConfigurationIsVisible = 0;
			defaultConfigurationName = Release;
		};
		1BE225362679E029006F213C /* Build configuration list for PBXNativeTarget "AppTestUITests" */ = {
			isa = XCConfigurationList;
			buildConfigurations = (
				1BE225372679E029006F213C /* Debug */,
				1BE225382679E029006F213C /* Release */,
			);
			defaultConfigurationIsVisible = 0;
			defaultConfigurationName = Release;
		};
/* End XCConfigurationList section */
	};
	rootObject = 1BE224F92679E028006F213C /* Project object */;
}
